
Microsoft Visual Studio Solution File, Format Version 12.00
# Visual Studio Version 17
VisualStudioVersion = 17.10.34818.151
MinimumVisualStudioVersion = 10.0.40219.1
Project("{FAE04EC0-301F-11D3-BF4B-00C04F79EFBC}") = "Zadanie-Masarik", "Zadanie-Masarik\Zadanie-Masarik.csproj", "{328EACB4-8C4E-4347-82D1-0709EF71AD8C}"
EndProject
Global
	GlobalSection(SolutionConfigurationPlatforms) = preSolution
		Debug|Any CPU = Debug|Any CPU
		Release|Any CPU = Release|Any CPU
	EndGlobalSection
	GlobalSection(ProjectConfigurationPlatforms) = postSolution
		{328EACB4-8C4E-4347-82D1-0709EF71AD8C}.Debug|Any CPU.ActiveCfg = Debug|Any CPU
		{328EACB4-8C4E-4347-82D1-0709EF71AD8C}.Debug|Any CPU.Build.0 = Debug|Any CPU
		{328EACB4-8C4E-4347-82D1-0709EF71AD8C}.Release|Any CPU.ActiveCfg = Release|Any CPU
		{328EACB4-8C4E-4347-82D1-0709EF71AD8C}.Release|Any CPU.Build.0 = Release|Any CPU
	EndGlobalSection
	GlobalSection(SolutionProperties) = preSolution
		HideSolutionNode = FALSE
	EndGlobalSection
	GlobalSection(ExtensibilityGlobals) = postSolution
		SolutionGuid = {3E911100-0F5C-4150-88CC-F53E9C58770A}
	EndGlobalSection
EndGlobal
